# This file is automatically @generated by Cargo.
# It is not intended for manual editing.
version = 4

[[package]]
name = "basic-udev"
version = "0.1.2"
source = "registry+https://github.com/rust-lang/crates.io-index"
checksum = "5a45f9771ced8a774de5e5ebffbe520f52e3943bf5a9a6baa3a5d14a5de1afe6"

[[package]]
name = "bitflags"
version = "2.13.1"
source = "registry+https://github.com/rust-lang/crates.io-index"
checksum = "b588b76d00fde79687d7646a9b5bdf3cc0f655e0bbd080335a95d7e96f3587da"

[[package]]
name = "cc"
version = "1.4.4"
source = "registry+https://github.com/rust-lang/crates.io-index"
checksum = "0ad534f4357a5264cce5019c989cf66a4f0dc4e0d1b1d15f8aacec0ff7360273"
dependencies = [
 "find-msvc-tools",
 "shlex",
]

[[package]]
name = "cfg-if"
version = "1.0.4"
source = "registry+https://github.com/rust-lang/crates.io-index"
checksum = "9330f8b2ff13f34540b44e946ef35111825727b38d33286ef986142615121801"

[[package]]
name = "cfg_aliases"
version = "0.2.2"
source = "registry+https://github.com/rust-lang/crates.io-index"
checksum = "f079e83a288787bcd14a6aea84cee5c87a67c5a3e660c30f557a3d24761b3527"

[[package]]
name = "find-msvc-tools"
version = "0.1.11"
source = "registry+https://github.com/rust-lang/crates.io-index"
checksum = "d45db016d36b838f563236e9193d0ee6ce38f3f68b6c94e914b4929c96bbb890"

[[package]]
name = "hidapi"
version = "2.6.6"
source = "registry+https://github.com/rust-lang/crates.io-index"
checksum = "c78dadfc12f865bc3fcac3897e64533b930737ceb9ef245c8277de98d0b010e9"
dependencies = [
 "basic-udev",
 "cc",
 "cfg-if",
 "libc",
 "nix",
 "pkg-config",
 "windows-sys",
]

[[package]]
name = "libc"
version = "0.2.189"
source = "registry+https://github.com/rust-lang/crates.io-index"
checksum = "3eaf3ede3fee6db1a4c2ee091bf8a8b4dccdc6d17f656fb07896ee72867612f2"

[[package]]
name = "nix"
version = "0.30.1"
source = "registry+https://github.com/rust-lang/crates.io-index"
checksum = "74523f3a35e05aba87a1d978330aef40f67b0304ac79c1c00b294c9830543db6"
dependencies = [
 "bitflags",
 "cfg-if",
 "cfg_aliases",
 "libc",
]

[[package]]
name = "openrustygb"
version = "0.0.1"
dependencies = [
 "openrustygb-domain",
 "openrustygb-driver-aoc-amm700-mousemat",
 "openrustygb-driver-api",
 "openrustygb-driver-asus-monitor",
 "openrustygb-driver-dark-project-kd3b-v2",
 "openrustygb-driver-dream-cheeky-webmail-notifier",
 "openrustygb-driver-faustus-keyboard",
 "openrustygb-driver-gamesir-nova-lite-2",
 "openrustygb-driver-gigabyte-aorus-m2",
 "openrustygb-driver-hyperx-mousemat",
 "openrustygb-driver-hyperx-pulsefire-haste2",
 "openrustygb-driver-lego-dimensions-toypad",
 "openrustygb-driver-lexip-np93-alpha",
 "openrustygb-driver-madcatz-cyborg-light",
 "openrustygb-driver-msi-3-zone-keyboard",
 "openrustygb-driver-n5312a-mouse",
 "openrustygb-driver-nvidia-esa-xps-730x",
 "openrustygb-driver-nzxt-lift-mouse",
 "openrustygb-driver-patriot-viper-v550",
 "openrustygb-driver-tecknet-m008",
 "openrustygb-driver-thingm-blink1-mk2",
 "openrustygb-runtime",
 "openrustygb-transport-hid",
]

[[package]]
name = "openrustygb-domain"
version = "0.0.1"

[[package]]
name = "openrustygb-driver-aoc-amm700-mousemat"
version = "0.0.1"
dependencies = [
 "openrustygb-domain",
 "openrustygb-driver-api",
]

[[package]]
name = "openrustygb-driver-api"
version = "0.0.1"

[[package]]
name = "openrustygb-driver-asus-monitor"
version = "0.0.1"
dependencies = [
 "openrustygb-domain",
 "openrustygb-driver-api",
]

[[package]]
name = "openrustygb-driver-dark-project-kd3b-v2"
version = "0.0.1"
dependencies = [
 "openrustygb-domain",
 "openrustygb-driver-api",
]

[[package]]
name = "openrustygb-driver-dream-cheeky-webmail-notifier"
version = "0.0.1"
dependencies = [
 "openrustygb-domain",
 "openrustygb-driver-api",
]

[[package]]
name = "openrustygb-driver-faustus-keyboard"
version = "0.0.1"
dependencies = [
 "openrustygb-domain",
]

[[package]]
name = "openrustygb-driver-gamesir-nova-lite-2"
version = "0.0.1"
dependencies = [
 "openrustygb-domain",
 "openrustygb-driver-api",
]

[[package]]
name = "openrustygb-driver-gigabyte-aorus-m2"
version = "0.0.1"
dependencies = [
 "openrustygb-domain",
 "openrustygb-driver-api",
]

[[package]]
name = "openrustygb-driver-hyperx-mousemat"
version = "0.0.1"
dependencies = [
 "openrustygb-domain",
 "openrustygb-driver-api",
]

[[package]]
name = "openrustygb-driver-hyperx-pulsefire-haste2"
version = "0.0.1"
dependencies = [
 "openrustygb-domain",
 "openrustygb-driver-api",
]

[[package]]
name = "openrustygb-driver-lego-dimensions-toypad"
version = "0.0.1"
dependencies = [
 "openrustygb-domain",
 "openrustygb-driver-api",
]

[[package]]
name = "openrustygb-driver-lexip-np93-alpha"
version = "0.0.1"
dependencies = [
 "openrustygb-domain",
 "openrustygb-driver-api",
]

[[package]]
name = "openrustygb-driver-madcatz-cyborg-light"
version = "0.0.1"
dependencies = [
 "openrustygb-domain",
 "openrustygb-driver-api",
]

[[package]]
name = "openrustygb-driver-msi-3-zone-keyboard"
version = "0.0.1"
dependencies = [
 "openrustygb-domain",
 "openrustygb-driver-api",
]

[[package]]
name = "openrustygb-driver-n5312a-mouse"
version = "0.0.1"
dependencies = [
 "openrustygb-domain",
 "openrustygb-driver-api",
]

[[package]]
name = "openrustygb-driver-nvidia-esa-xps-730x"
version = "0.0.1"
dependencies = [
 "openrustygb-domain",
 "openrustygb-driver-api",
]

[[package]]
name = "openrustygb-driver-nzxt-lift-mouse"
version = "0.0.1"
dependencies = [
 "openrustygb-domain",
 "openrustygb-driver-api",
]

[[package]]
name = "openrustygb-driver-patriot-viper-v550"
version = "0.0.1"
dependencies = [
 "openrustygb-domain",
 "openrustygb-driver-api",
]

[[package]]
name = "openrustygb-driver-tecknet-m008"
version = "0.0.1"
dependencies = [
 "openrustygb-domain",
 "openrustygb-driver-api",
]

[[package]]
name = "openrustygb-driver-thingm-blink1-mk2"
version = "0.0.1"
dependencies = [
 "openrustygb-domain",
 "openrustygb-driver-api",
]

[[package]]
name = "openrustygb-runtime"
version = "0.0.1"
dependencies = [
 "openrustygb-domain",
]

[[package]]
name = "openrustygb-transport-hid"
version = "0.0.1"
dependencies = [
 "hidapi",
 "openrustygb-driver-api",
]

[[package]]
name = "pkg-config"
version = "0.3.34"
source = "registry+https://github.com/rust-lang/crates.io-index"
checksum = "f6b464fbc74e149a392436b17d523f769e057cb6877f6a5c4618bc6f11800548"

[[package]]
name = "shlex"
version = "2.0.1"
source = "registry+https://github.com/rust-lang/crates.io-index"
checksum = "f8fadd59c855ef2080decdef8ff161eb6661b86933c9d82e5ba29dc602a55aba"

[[package]]
name = "windows-link"
version = "0.2.1"
source = "registry+https://github.com/rust-lang/crates.io-index"
checksum = "f0805222e57f7521d6a62e36fa9163bc891acd422f971defe97d64e70d0a4fe5"

[[package]]
name = "windows-sys"
version = "0.61.2"
source = "registry+https://github.com/rust-lang/crates.io-index"
checksum = "ae137229bcbd6cdf0f7b80a31df61766145077ddf49416a728b02cb3921ff3fc"
dependencies = [
 "windows-link",
]

[[package]]
name = "xtask"
version = "0.0.1"
